
Microsoft Visual Studio Solution File, Format Version 12.00
# Visual Studio Version 16
VisualStudioVersion = 16.0.33130.400
MinimumVisualStudioVersion = 10.0.40219.1
Project("{FAE04EC0-301F-11D3-BF4B-00C04F79EFBC}") = "PasswordProtectedProgram", "PasswordProtectedProgram\PasswordProtectedProgram.csproj", "{FC018D8A-0C7F-45A7-8587-A985DC02C8D8}"
EndProject
Global
	GlobalSection(SolutionConfigurationPlatforms) = preSolution
		Debug|Any CPU = Debug|Any CPU
		Release|Any CPU = Release|Any CPU
	EndGlobalSection
	GlobalSection(ProjectConfigurationPlatforms) = postSolution
		{FC018D8A-0C7F-45A7-8587-A985DC02C8D8}.Debug|Any CPU.ActiveCfg = Debug|Any CPU
		{FC018D8A-0C7F-45A7-8587-A985DC02C8D8}.Debug|Any CPU.Build.0 = Debug|Any CPU
		{FC018D8A-0C7F-45A7-8587-A985DC02C8D8}.Release|Any CPU.ActiveCfg = Release|Any CPU
		{FC018D8A-0C7F-45A7-8587-A985DC02C8D8}.Release|Any CPU.Build.0 = Release|Any CPU
	EndGlobalSection
	GlobalSection(SolutionProperties) = preSolution
		HideSolutionNode = FALSE
	EndGlobalSection
	GlobalSection(ExtensibilityGlobals) = postSolution
		SolutionGuid = {BD1CE17B-F5D2-40DE-BE22-8ADB5A96EE18}
	EndGlobalSection
EndGlobal
